
Microsoft Visual Studio Solution File, Format Version 12.00
# Visual Studio Version 17
VisualStudioVersion = 17.3.32929.385
MinimumVisualStudioVersion = 10.0.40219.1
Project("{FAE04EC0-301F-11D3-BF4B-00C04F79EFBC}") = "Login", "Login.csproj", "{4C4A45A4-5FCE-4F2B-842F-DEC593DD3AE2}"
EndProject
Project("{2150E333-8FDC-42A3-9474-1A3956D46DE8}") = "SQL", "SQL", "{C89D3AFE-2B26-41DB-A228-1ACFE300DF1A}"
	ProjectSection(SolutionItems) = preProject
		SqlQuery_1.sql = SqlQuery_1.sql
	EndProjectSection
EndProject
Project("{2150E333-8FDC-42A3-9474-1A3956D46DE8}") = "Splash", "Splash", "{373C81DB-F376-40E2-805C-93D51D0B7F7E}"
	ProjectSection(SolutionItems) = preProject
		Splash.cs = Splash.cs
		Splash.Designer.cs = Splash.Designer.cs
		Splash.resx = Splash.resx
	EndProjectSection
EndProject
Global
	GlobalSection(SolutionConfigurationPlatforms) = preSolution
		Debug|Any CPU = Debug|Any CPU
		Release|Any CPU = Release|Any CPU
	EndGlobalSection
	GlobalSection(ProjectConfigurationPlatforms) = postSolution
		{4C4A45A4-5FCE-4F2B-842F-DEC593DD3AE2}.Debug|Any CPU.ActiveCfg = Debug|Any CPU
		{4C4A45A4-5FCE-4F2B-842F-DEC593DD3AE2}.Debug|Any CPU.Build.0 = Debug|Any CPU
		{4C4A45A4-5FCE-4F2B-842F-DEC593DD3AE2}.Release|Any CPU.ActiveCfg = Release|Any CPU
		{4C4A45A4-5FCE-4F2B-842F-DEC593DD3AE2}.Release|Any CPU.Build.0 = Release|Any CPU
	EndGlobalSection
	GlobalSection(SolutionProperties) = preSolution
		HideSolutionNode = FALSE
	EndGlobalSection
	GlobalSection(ExtensibilityGlobals) = postSolution
		SolutionGuid = {AB0AA894-4D9E-4477-BEF1-692A270F04BB}
	EndGlobalSection
EndGlobal
